
Microsoft Visual Studio Solution File, Format Version 12.00
# Visual Studio Version 16
VisualStudioVersion = 16.0.32407.337
MinimumVisualStudioVersion = 10.0.40219.1
Project("{9A19103F-16F7-4668-BE54-9A1E7A4F7556}") = "EnviarEmailSmtp", "EnviarEmailSmtp\EnviarEmailSmtp.csproj", "{DE5A05C2-79CB-4461-851B-3BB25C0691A8}"
EndProject
Global
	GlobalSection(SolutionConfigurationPlatforms) = preSolution
		Debug|Any CPU = Debug|Any CPU
		Release|Any CPU = Release|Any CPU
	EndGlobalSection
	GlobalSection(ProjectConfigurationPlatforms) = postSolution
		{DE5A05C2-79CB-4461-851B-3BB25C0691A8}.Debug|Any CPU.ActiveCfg = Debug|Any CPU
		{DE5A05C2-79CB-4461-851B-3BB25C0691A8}.Debug|Any CPU.Build.0 = Debug|Any CPU
		{DE5A05C2-79CB-4461-851B-3BB25C0691A8}.Release|Any CPU.ActiveCfg = Release|Any CPU
		{DE5A05C2-79CB-4461-851B-3BB25C0691A8}.Release|Any CPU.Build.0 = Release|Any CPU
	EndGlobalSection
	GlobalSection(SolutionProperties) = preSolution
		HideSolutionNode = FALSE
	EndGlobalSection
	GlobalSection(ExtensibilityGlobals) = postSolution
		SolutionGuid = {46E24A07-607D-4F35-95B7-28E59B4253E6}
	EndGlobalSection
EndGlobal
